Microsoft Visual Studio Solution File, Format Version 12.00
# Visual Studio Version 17
VisualStudioVersion = 17.13.35825.156
MinimumVisualStudioVersion = 10.0.40219.1
Project("{FAE04EC0-301F-11D3-BF4B-00C04F79EFBC}") = "u24640035_Practical 7", "u24640035_Practical 7\u24640035_Practical 7.csproj", "{D5D11509-A5D7-4AFD-8CFD-62E0EE8850E0}"
EndProject
Global
	GlobalSection(SolutionConfigurationPlatforms) = preSolution
		Debug|Any CPU = Debug|Any CPU
		Release|Any CPU = Release|Any CPU
	EndGlobalSection
	GlobalSection(ProjectConfigurationPlatforms) = postSolution
		{D5D11509-A5D7-4AFD-8CFD-62E0EE8850E0}.Debug|Any CPU.ActiveCfg = Debug|Any CPU
		{D5D11509-A5D7-4AFD-8CFD-62E0EE8850E0}.Debug|Any CPU.Build.0 = Debug|Any CPU
		{D5D11509-A5D7-4AFD-8CFD-62E0EE8850E0}.Release|Any CPU.ActiveCfg = Release|Any CPU
		{D5D11509-A5D7-4AFD-8CFD-62E0EE8850E0}.Release|Any CPU.Build.0 = Release|Any CPU
	EndGlobalSection
	GlobalSection(SolutionProperties) = preSolution
		HideSolutionNode = FALSE
	EndGlobalSection
	GlobalSection(ExtensibilityGlobals) = postSolution
		SolutionGuid = {E005AE25-F38C-4EEF-B64A-BDCDF5981269}
	EndGlobalSection
EndGlobal
